{
  "name": "redis-ip-ranges",
  "version": "1.0.2",
  "lockfileVersion": 1,
  "requires": true,
  "dependencies": {
    "@types/ip": {
      "version": "0.0.31",
      "resolved": "https://registry.npmjs.org/@types/ip/-/ip-0.0.31.tgz",
      "integrity": "sha512-oYk8aalgfCt7XfEu66Sjwz/aQjfRtQkjNSXwrUGqyRoQbOymAc156fUNTwn1cSCEEwuPPzMy7fGPmKcFLoaIkA==",
      "requires": {
        "@types/node": "10.9.4"
      }
    },
    "@types/node": {
      "version": "10.9.4",
      "resolved": "https://registry.npmjs.org/@types/node/-/node-10.9.4.tgz",
      "integrity": "sha512-fCHV45gS+m3hH17zgkgADUSi2RR1Vht6wOZ0jyHP8rjiQra9f+mIcgwPQHllmDocYOstIEbKlxbFDYlgrTPYqw=="
    },
    "double-ended-queue": {
      "version": "2.1.0-0",
      "resolved": "https://registry.npmjs.org/double-ended-queue/-/double-ended-queue-2.1.0-0.tgz",
      "integrity": "sha1-ED01J/0xUo9AGIEwyEHv3XgmTlw="
    },
    "handy-redis": {
      "version": "1.3.2",
      "resolved": "https://registry.npmjs.org/handy-redis/-/handy-redis-1.3.2.tgz",
      "integrity": "sha512-aS4Ij52zh/6KM0S5W+6cL3v6GsxvPBsVFrcw2m2803ppDTRWKBfvTRCuyIFwMi+3DGWPjEhJBx2N90oC8HZ8FA==",
      "requires": {
        "@types/redis": "0.12.36",
        "redis": "2.8.0"
      },
      "dependencies": {
        "@types/redis": {
          "version": "0.12.36",
          "resolved": "https://registry.npmjs.org/@types/redis/-/redis-0.12.36.tgz",
          "integrity": "sha1-Yd9lKiaa9CX+Lp7pXN+hdVd7TDs=",
          "requires": {
            "@types/node": "10.9.4"
          }
        }
      }
    },
    "ip": {
      "version": "1.1.5",
      "resolved": "https://registry.npmjs.org/ip/-/ip-1.1.5.tgz",
      "integrity": "sha1-vd7XARQpCCjAoDnnLvJfWq7ENUo="
    },
    "redis": {
      "version": "2.8.0",
      "resolved": "https://registry.npmjs.org/redis/-/redis-2.8.0.tgz",
      "integrity": "sha512-M1OkonEQwtRmZv4tEWF2VgpG0JWJ8Fv1PhlgT5+B+uNq2cA3Rt1Yt/ryoR+vQNOQcIEgdCdfH0jr3bDpihAw1A==",
      "requires": {
        "double-ended-queue": "2.1.0-0",
        "redis-commands": "1.3.5",
        "redis-parser": "2.6.0"
      }
    },
    "redis-commands": {
      "version": "1.3.5",
      "resolved": "https://registry.npmjs.org/redis-commands/-/redis-commands-1.3.5.tgz",
      "integrity": "sha512-foGF8u6MXGFF++1TZVC6icGXuMYPftKXt1FBT2vrfU9ZATNtZJ8duRC5d1lEfE8hyVe3jhelHGB91oB7I6qLsA=="
    },
    "redis-parser": {
      "version": "2.6.0",
      "resolved": "https://registry.npmjs.org/redis-parser/-/redis-parser-2.6.0.tgz",
      "integrity": "sha1-Uu0J2srBCPGmMcB+m2mUHnoZUEs="
    },
    "typescript": {
      "version": "3.0.3",
      "resolved": "https://registry.npmjs.org/typescript/-/typescript-3.0.3.tgz",
      "integrity": "sha512-kk80vLW9iGtjMnIv11qyxLqZm20UklzuR2tL0QAnDIygIUIemcZMxlMWudl9OOt76H3ntVzcTiddQ1/pAAJMYg==",
      "dev": true
    }
  }
}
